// !$*UTF8*$!
{
	archiveVersion = 1;
	classes = {
	};
	objectVersion = 50;
	objects = {

/* Begin PBXBuildFile section */
		993F8C3B21EA72DC00FE744C /* AppDelegate.swift in Sources */ = {isa = PBXBuildFile; fileRef = 993F8C3A21EA72DC00FE744C /* AppDelegate.swift */; };
		993F8C3D21EA72DC00FE744C /* HomeViewController.swift in Sources */ = {isa = PBXBuildFile; fileRef = 993F8C3C21EA72DC00FE744C /* HomeViewController.swift */; };
		993F8C4021EA72DC00FE744C /* Main.storyboard in Resources */ = {isa = PBXBuildFile; fileRef = 993F8C3E21EA72DC00FE744C /* Main.storyboard */; };
		993F8C4321EA72DC00FE744C /* Train_App.xcdatamodeld in Sources */ = {isa = PBXBuildFile; fileRef = 993F8C4121EA72DC00FE744C /* Train_App.xcdatamodeld */; };
		993F8C4521EA72DD00FE744C /* Assets.xcassets in Resources */ = {isa = PBXBuildFile; fileRef = 993F8C4421EA72DD00FE744C /* Assets.xcassets */; };
		993F8C4821EA72DD00FE744C /* LaunchScreen.storyboard in Resources */ = {isa = PBXBuildFile; fileRef = 993F8C4621EA72DD00FE744C /* LaunchScreen.storyboard */; };
		993F8C5321EA72DD00FE744C /* Train_AppTests.swift in Sources */ = {isa = PBXBuildFile; fileRef = 993F8C5221EA72DD00FE744C /* Train_AppTests.swift */; };
		993F8C5E21EA782A00FE744C /* Parser.swift in Sources */ = {isa = PBXBuildFile; fileRef = 993F8C5D21EA782A00FE744C /* Parser.swift */; };
		995E31AD22E39ABF001BDDB5 /* StationNameViewCell.swift in Sources */ = {isa = PBXBuildFile; fileRef = 995E31AB22E39ABF001BDDB5 /* StationNameViewCell.swift */; };
		995E31AE22E39ABF001BDDB5 /* StationNameViewCell.xib in Resources */ = {isa = PBXBuildFile; fileRef = 995E31AC22E39ABF001BDDB5 /* StationNameViewCell.xib */; };
		995E31B322E39BA7001BDDB5 /* UIView + Extension.swift in Sources */ = {isa = PBXBuildFile; fileRef = 995E31B222E39BA7001BDDB5 /* UIView + Extension.swift */; };
		995E31BA22E3A638001BDDB5 /* SearchViewController.swift in Sources */ = {isa = PBXBuildFile; fileRef = 995E31B822E3A638001BDDB5 /* SearchViewController.swift */; };
		995E31BB22E3A638001BDDB5 /* SearchViewController.xib in Resources */ = {isa = PBXBuildFile; fileRef = 995E31B922E3A638001BDDB5 /* SearchViewController.xib */; };
		99894800232E4E9600D54366 /* DatabaseManager.swift in Sources */ = {isa = PBXBuildFile; fileRef = 998947FF232E4E9600D54366 /* DatabaseManager.swift */; };
		99894803232E529A00D54366 /* DatabaseManagerTests.swift in Sources */ = {isa = PBXBuildFile; fileRef = 99894802232E529A00D54366 /* DatabaseManagerTests.swift */; };
		9997AA762365E19100F68A5F /* TimeTableColletionViewModel.swift in Sources */ = {isa = PBXBuildFile; fileRef = 9997AA752365E19100F68A5F /* TimeTableColletionViewModel.swift */; };
		9997AA78236643D500F68A5F /* TimeTableItemViewModel.swift in Sources */ = {isa = PBXBuildFile; fileRef = 9997AA77236643D500F68A5F /* TimeTableItemViewModel.swift */; };
		99B638E2223D69CC004751D8 /* TrainAPIEndpoints.swift in Sources */ = {isa = PBXBuildFile; fileRef = 99B638E1223D69CC004751D8 /* TrainAPIEndpoints.swift */; };
		99B638E5223D6C57004751D8 /* TimeTableItem.swift in Sources */ = {isa = PBXBuildFile; fileRef = 99B638E4223D6C57004751D8 /* TimeTableItem.swift */; };
		99B638F1223DB2C1004751D8 /* TimeTableViewCell.swift in Sources */ = {isa = PBXBuildFile; fileRef = 99B638EF223DB2C1004751D8 /* TimeTableViewCell.swift */; };
		99B638F2223DB2C1004751D8 /* TimeTableViewCell.xib in Resources */ = {isa = PBXBuildFile; fileRef = 99B638F0223DB2C1004751D8 /* TimeTableViewCell.xib */; };
		99BBA64E2364AD10000773F5 /* StationDataManager.swift in Sources */ = {isa = PBXBuildFile; fileRef = 99BBA64D2364AD10000773F5 /* StationDataManager.swift */; };
		99BBA6512364B259000773F5 /* StationViewModel.swift in Sources */ = {isa = PBXBuildFile; fileRef = 99BBA6502364B259000773F5 /* StationViewModel.swift */; };
		99BBA6532365B4D4000773F5 /* StationListViewModel.swift in Sources */ = {isa = PBXBuildFile; fileRef = 99BBA6522365B4D4000773F5 /* StationListViewModel.swift */; };
		99BBA6592365C4D0000773F5 /* stationModel.swift in Sources */ = {isa = PBXBuildFile; fileRef = 99BBA6582365C4D0000773F5 /* stationModel.swift */; };
		99D0BE432306D8A8001429D1 /* SearchStationTableViewController.swift in Sources */ = {isa = PBXBuildFile; fileRef = 99D0BE422306D8A8001429D1 /* SearchStationTableViewController.swift */; };
		99D0BE46230714FA001429D1 /* UIColor+Extension.swift in Sources */ = {isa = PBXBuildFile; fileRef = 99D0BE45230714FA001429D1 /* UIColor+Extension.swift */; };
		99D0BE4B23072670001429D1 /* JsonParser.swift in Sources */ = {isa = PBXBuildFile; fileRef = 99D0BE4A23072670001429D1 /* JsonParser.swift */; };
		99D0BE4D23086768001429D1 /* DeparturesViewController.swift in Sources */ = {isa = PBXBuildFile; fileRef = 99D0BE4C23086768001429D1 /* DeparturesViewController.swift */; };
/* End PBXBuildFile section */

/* Begin PBXContainerItemProxy section */
		993F8C4F21EA72DD00FE744C /* PBXContainerItemProxy */ = {
			isa = PBXContainerItemProxy;
			containerPortal = 993F8C2F21EA72DC00FE744C /* Project object */;
			proxyType = 1;
			remoteGlobalIDString = 993F8C3621EA72DC00FE744C;
			remoteInfo = "Train-App";
		};
/* End PBXContainerItemProxy section */

/* Begin PBXFileReference section */
		993F8C3721EA72DC00FE744C /* Train-App.app */ = {isa = PBXFileReference; explicitFileType = wrapper.application; includeInIndex = 0; path = "Train-App.app"; sourceTree = BUILT_PRODUCTS_DIR; };
		993F8C3A21EA72DC00FE744C /* AppDelegate.swift */ = {isa = PBXFileReference; lastKnownFileType = sourcecode.swift; path = AppDelegate.swift; sourceTree = "<group>"; };
		993F8C3C21EA72DC00FE744C /* HomeViewController.swift */ = {isa = PBXFileReference; lastKnownFileType = sourcecode.swift; path = HomeViewController.swift; sourceTree = "<group>"; };
		993F8C3F21EA72DC00FE744C /* Base */ = {isa = PBXFileReference; lastKnownFileType = file.storyboard; name = Base; path = Base.lproj/Main.storyboard; sourceTree = "<group>"; };
		993F8C4221EA72DC00FE744C /* Train_App.xcdatamodel */ = {isa = PBXFileReference; lastKnownFileType = wrapper.xcdatamodel; path = Train_App.xcdatamodel; sourceTree = "<group>"; };
		993F8C4421EA72DD00FE744C /* Assets.xcassets */ = {isa = PBXFileReference; lastKnownFileType = folder.assetcatalog; path = Assets.xcassets; sourceTree = "<group>"; };
		993F8C4721EA72DD00FE744C /* Base */ = {isa = PBXFileReference; lastKnownFileType = file.storyboard; name = Base; path = Base.lproj/LaunchScreen.storyboard; sourceTree = "<group>"; };
		993F8C4921EA72DD00FE744C /* Info.plist */ = {isa = PBXFileReference; lastKnownFileType = text.plist.xml; path = Info.plist; sourceTree = "<group>"; };
		993F8C4E21EA72DD00FE744C /* Train-AppTests.xctest */ = {isa = PBXFileReference; explicitFileType = wrapper.cfbundle; includeInIndex = 0; path = "Train-AppTests.xctest"; sourceTree = BUILT_PRODUCTS_DIR; };
		993F8C5221EA72DD00FE744C /* Train_AppTests.swift */ = {isa = PBXFileReference; lastKnownFileType = sourcecode.swift; path = Train_AppTests.swift; sourceTree = "<group>"; };
		993F8C5421EA72DD00FE744C /* Info.plist */ = {isa = PBXFileReference; lastKnownFileType = text.plist.xml; path = Info.plist; sourceTree = "<group>"; };
		993F8C5D21EA782A00FE744C /* Parser.swift */ = {isa = PBXFileReference; lastKnownFileType = sourcecode.swift; path = Parser.swift; sourceTree = "<group>"; };
		995E31AB22E39ABF001BDDB5 /* StationNameViewCell.swift */ = {isa = PBXFileReference; lastKnownFileType = sourcecode.swift; path = StationNameViewCell.swift; sourceTree = "<group>"; };
		995E31AC22E39ABF001BDDB5 /* StationNameViewCell.xib */ = {isa = PBXFileReference; lastKnownFileType = file.xib; path = StationNameViewCell.xib; sourceTree = "<group>"; };
		995E31B222E39BA7001BDDB5 /* UIView + Extension.swift */ = {isa = PBXFileReference; lastKnownFileType = sourcecode.swift; path = "UIView + Extension.swift"; sourceTree = "<group>"; };
		995E31B822E3A638001BDDB5 /* SearchViewController.swift */ = {isa = PBXFileReference; lastKnownFileType = sourcecode.swift; path = SearchViewController.swift; sourceTree = "<group>"; };
		995E31B922E3A638001BDDB5 /* SearchViewController.xib */ = {isa = PBXFileReference; lastKnownFileType = file.xib; path = SearchViewController.xib; sourceTree = "<group>"; };
		998947FF232E4E9600D54366 /* DatabaseManager.swift */ = {isa = PBXFileReference; lastKnownFileType = sourcecode.swift; path = DatabaseManager.swift; sourceTree = "<group>"; };
		99894802232E529A00D54366 /* DatabaseManagerTests.swift */ = {isa = PBXFileReference; lastKnownFileType = sourcecode.swift; path = DatabaseManagerTests.swift; sourceTree = "<group>"; };
		9997AA752365E19100F68A5F /* TimeTableColletionViewModel.swift */ = {isa = PBXFileReference; lastKnownFileType = sourcecode.swift; path = TimeTableColletionViewModel.swift; sourceTree = "<group>"; };
		9997AA77236643D500F68A5F /* TimeTableItemViewModel.swift */ = {isa = PBXFileReference; lastKnownFileType = sourcecode.swift; path = TimeTableItemViewModel.swift; sourceTree = "<group>"; };
		99B638E1223D69CC004751D8 /* TrainAPIEndpoints.swift */ = {isa = PBXFileReference; lastKnownFileType = sourcecode.swift; path = TrainAPIEndpoints.swift; sourceTree = "<group>"; };
		99B638E4223D6C57004751D8 /* TimeTableItem.swift */ = {isa = PBXFileReference; lastKnownFileType = sourcecode.swift; path = TimeTableItem.swift; sourceTree = "<group>"; };
		99B638EF223DB2C1004751D8 /* TimeTableViewCell.swift */ = {isa = PBXFileReference; lastKnownFileType = sourcecode.swift; path = TimeTableViewCell.swift; sourceTree = "<group>"; };
		99B638F0223DB2C1004751D8 /* TimeTableViewCell.xib */ = {isa = PBXFileReference; lastKnownFileType = file.xib; path = TimeTableViewCell.xib; sourceTree = "<group>"; };
		99BBA64D2364AD10000773F5 /* StationDataManager.swift */ = {isa = PBXFileReference; lastKnownFileType = sourcecode.swift; path = StationDataManager.swift; sourceTree = "<group>"; };
		99BBA6502364B259000773F5 /* StationViewModel.swift */ = {isa = PBXFileReference; lastKnownFileType = sourcecode.swift; path = StationViewModel.swift; sourceTree = "<group>"; };
		99BBA6522365B4D4000773F5 /* StationListViewModel.swift */ = {isa = PBXFileReference; lastKnownFileType = sourcecode.swift; path = StationListViewModel.swift; sourceTree = "<group>"; };
		99BBA6582365C4D0000773F5 /* stationModel.swift */ = {isa = PBXFileReference; lastKnownFileType = sourcecode.swift; path = stationModel.swift; sourceTree = "<group>"; };
		99D0BE422306D8A8001429D1 /* SearchStationTableViewController.swift */ = {isa = PBXFileReference; lastKnownFileType = sourcecode.swift; path = SearchStationTableViewController.swift; sourceTree = "<group>"; };
		99D0BE45230714FA001429D1 /* UIColor+Extension.swift */ = {isa = PBXFileReference; lastKnownFileType = sourcecode.swift; path = "UIColor+Extension.swift"; sourceTree = "<group>"; };
		99D0BE4A23072670001429D1 /* JsonParser.swift */ = {isa = PBXFileReference; lastKnownFileType = sourcecode.swift; path = JsonParser.swift; sourceTree = "<group>"; };
		99D0BE4C23086768001429D1 /* DeparturesViewController.swift */ = {isa = PBXFileReference; lastKnownFileType = sourcecode.swift; path = DeparturesViewController.swift; sourceTree = "<group>"; };
/* End PBXFileReference section */

/* Begin PBXFrameworksBuildPhase section */
		993F8C3421EA72DC00FE744C /* Frameworks */ = {
			isa = PBXFrameworksBuildPhase;
			buildActionMask = 2147483647;
			files = (
			);
			runOnlyForDeploymentPostprocessing = 0;
		};
		993F8C4B21EA72DD00FE744C /* Frameworks */ = {
			isa = PBXFrameworksBuildPhase;
			buildActionMask = 2147483647;
			files = (
			);
			runOnlyForDeploymentPostprocessing = 0;
		};
/* End PBXFrameworksBuildPhase section */

/* Begin PBXGroup section */
		993F8C2E21EA72DB00FE744C = {
			isa = PBXGroup;
			children = (
				993F8C3921EA72DC00FE744C /* Train-App */,
				993F8C5121EA72DD00FE744C /* Train-AppTests */,
				993F8C3821EA72DC00FE744C /* Products */,
			);
			sourceTree = "<group>";
		};
		993F8C3821EA72DC00FE744C /* Products */ = {
			isa = PBXGroup;
			children = (
				993F8C3721EA72DC00FE744C /* Train-App.app */,
				993F8C4E21EA72DD00FE744C /* Train-AppTests.xctest */,
			);
			name = Products;
			sourceTree = "<group>";
		};
		993F8C3921EA72DC00FE744C /* Train-App */ = {
			isa = PBXGroup;
			children = (
				998947FE232E4E7300D54366 /* Data */,
				99D0BE44230714D9001429D1 /* Extensions */,
				99D0BE3B2306D777001429D1 /* Screens */,
				995E31B122E39B93001BDDB5 /* Extensions */,
				99DC5EEA22E362EF00803D56 /* Models */,
				99BBA64F2364B238000773F5 /* ViewModels */,
				99B638E8223D845C004751D8 /* Cells */,
				99B638E0223D67B5004751D8 /* TrainWebService */,
				993F8C3A21EA72DC00FE744C /* AppDelegate.swift */,
				993F8C3E21EA72DC00FE744C /* Main.storyboard */,
				993F8C4421EA72DD00FE744C /* Assets.xcassets */,
				993F8C4621EA72DD00FE744C /* LaunchScreen.storyboard */,
				993F8C4921EA72DD00FE744C /* Info.plist */,
				995E31B822E3A638001BDDB5 /* SearchViewController.swift */,
				995E31B922E3A638001BDDB5 /* SearchViewController.xib */,
			);
			path = "Train-App";
			sourceTree = "<group>";
		};
		993F8C5121EA72DD00FE744C /* Train-AppTests */ = {
			isa = PBXGroup;
			children = (
				99894801232E528600D54366 /* Data */,
				993F8C5221EA72DD00FE744C /* Train_AppTests.swift */,
				993F8C5421EA72DD00FE744C /* Info.plist */,
			);
			path = "Train-AppTests";
			sourceTree = "<group>";
		};
		995E31B122E39B93001BDDB5 /* Extensions */ = {
			isa = PBXGroup;
			children = (
				995E31B222E39BA7001BDDB5 /* UIView + Extension.swift */,
			);
			path = Extensions;
			sourceTree = "<group>";
		};
		998947FE232E4E7300D54366 /* Data */ = {
			isa = PBXGroup;
			children = (
				998947FF232E4E9600D54366 /* DatabaseManager.swift */,
				993F8C4121EA72DC00FE744C /* Train_App.xcdatamodeld */,
				99BBA64D2364AD10000773F5 /* StationDataManager.swift */,
			);
			path = Data;
			sourceTree = "<group>";
		};
		99894801232E528600D54366 /* Data */ = {
			isa = PBXGroup;
			children = (
				99894802232E529A00D54366 /* DatabaseManagerTests.swift */,
			);
			path = Data;
			sourceTree = "<group>";
		};
		99B638E0223D67B5004751D8 /* TrainWebService */ = {
			isa = PBXGroup;
			children = (
				993F8C5D21EA782A00FE744C /* Parser.swift */,
				99B638E1223D69CC004751D8 /* TrainAPIEndpoints.swift */,
				99D0BE4A23072670001429D1 /* JsonParser.swift */,
			);
			path = TrainWebService;
			sourceTree = "<group>";
		};
		99B638E8223D845C004751D8 /* Cells */ = {
			isa = PBXGroup;
			children = (
				99B638EF223DB2C1004751D8 /* TimeTableViewCell.swift */,
				99B638F0223DB2C1004751D8 /* TimeTableViewCell.xib */,
				995E31AB22E39ABF001BDDB5 /* StationNameViewCell.swift */,
				995E31AC22E39ABF001BDDB5 /* StationNameViewCell.xib */,
			);
			path = Cells;
			sourceTree = "<group>";
		};
		99BBA64F2364B238000773F5 /* ViewModels */ = {
			isa = PBXGroup;
			children = (
				99BBA6502364B259000773F5 /* StationViewModel.swift */,
				99BBA6522365B4D4000773F5 /* StationListViewModel.swift */,
				9997AA752365E19100F68A5F /* TimeTableColletionViewModel.swift */,
				9997AA77236643D500F68A5F /* TimeTableItemViewModel.swift */,
			);
			path = ViewModels;
			sourceTree = "<group>";
		};
		99D0BE3B2306D777001429D1 /* Screens */ = {
			isa = PBXGroup;
			children = (
				993F8C3C21EA72DC00FE744C /* HomeViewController.swift */,
				99D0BE422306D8A8001429D1 /* SearchStationTableViewController.swift */,
				99D0BE4C23086768001429D1 /* DeparturesViewController.swift */,
			);
			path = Screens;
			sourceTree = "<group>";
		};
		99D0BE44230714D9001429D1 /* Extensions */ = {
			isa = PBXGroup;
			children = (
				99D0BE45230714FA001429D1 /* UIColor+Extension.swift */,
			);
			name = Extensions;
			path = ../Extensions;
			sourceTree = "<group>";
		};
		99DC5EEA22E362EF00803D56 /* Models */ = {
			isa = PBXGroup;
			children = (
				99B638E4223D6C57004751D8 /* TimeTableItem.swift */,
				99BBA6582365C4D0000773F5 /* stationModel.swift */,
			);
			path = Models;
			sourceTree = "<group>";
		};
/* End PBXGroup section */

/* Begin PBXNativeTarget section */
		993F8C3621EA72DC00FE744C /* Train-App */ = {
			isa = PBXNativeTarget;
			buildConfigurationList = 993F8C5721EA72DD00FE744C /* Build configuration list for PBXNativeTarget "Train-App" */;
			buildPhases = (
				993F8C3321EA72DC00FE744C /* Sources */,
				993F8C3421EA72DC00FE744C /* Frameworks */,
				993F8C3521EA72DC00FE744C /* Resources */,
			);
			buildRules = (
			);
			dependencies = (
			);
			name = "Train-App";
			productName = "Train-App";
			productReference = 993F8C3721EA72DC00FE744C /* Train-App.app */;
			productType = "com.apple.product-type.application";
		};
		993F8C4D21EA72DD00FE744C /* Train-AppTests */ = {
			isa = PBXNativeTarget;
			buildConfigurationList = 993F8C5A21EA72DD00FE744C /* Build configuration list for PBXNativeTarget "Train-AppTests" */;
			buildPhases = (
				993F8C4A21EA72DD00FE744C /* Sources */,
				993F8C4B21EA72DD00FE744C /* Frameworks */,
				993F8C4C21EA72DD00FE744C /* Resources */,
			);
			buildRules = (
			);
			dependencies = (
				993F8C5021EA72DD00FE744C /* PBXTargetDependency */,
			);
			name = "Train-AppTests";
			productName = "Train-AppTests";
			productReference = 993F8C4E21EA72DD00FE744C /* Train-AppTests.xctest */;
			productType = "com.apple.product-type.bundle.unit-test";
		};
/* End PBXNativeTarget section */

/* Begin PBXProject section */
		993F8C2F21EA72DC00FE744C /* Project object */ = {
			isa = PBXProject;
			attributes = {
				LastSwiftUpdateCheck = 1010;
				LastUpgradeCheck = 1010;
				ORGANIZATIONNAME = "Vicki Hardy";
				TargetAttributes = {
					993F8C3621EA72DC00FE744C = {
						CreatedOnToolsVersion = 10.1;
						LastSwiftMigration = 1020;
					};
					993F8C4D21EA72DD00FE744C = {
						CreatedOnToolsVersion = 10.1;
						LastSwiftMigration = 1020;
						TestTargetID = 993F8C3621EA72DC00FE744C;
					};
				};
			};
			buildConfigurationList = 993F8C3221EA72DC00FE744C /* Build configuration list for PBXProject "Train-App" */;
			compatibilityVersion = "Xcode 9.3";
			developmentRegion = en;
			hasScannedForEncodings = 0;
			knownRegions = (
				en,
				Base,
			);
			mainGroup = 993F8C2E21EA72DB00FE744C;
			productRefGroup = 993F8C3821EA72DC00FE744C /* Products */;
			projectDirPath = "";
			projectRoot = "";
			targets = (
				993F8C3621EA72DC00FE744C /* Train-App */,
				993F8C4D21EA72DD00FE744C /* Train-AppTests */,
			);
		};
/* End PBXProject section */

/* Begin PBXResourcesBuildPhase section */
		993F8C3521EA72DC00FE744C /* Resources */ = {
			isa = PBXResourcesBuildPhase;
			buildActionMask = 2147483647;
			files = (
				995E31AE22E39ABF001BDDB5 /* StationNameViewCell.xib in Resources */,
				99B638F2223DB2C1004751D8 /* TimeTableViewCell.xib in Resources */,
				995E31BB22E3A638001BDDB5 /* SearchViewController.xib in Resources */,
				993F8C4821EA72DD00FE744C /* LaunchScreen.storyboard in Resources */,
				993F8C4521EA72DD00FE744C /* Assets.xcassets in Resources */,
				993F8C4021EA72DC00FE744C /* Main.storyboard in Resources */,
			);
			runOnlyForDeploymentPostprocessing = 0;
		};
		993F8C4C21EA72DD00FE744C /* Resources */ = {
			isa = PBXResourcesBuildPhase;
			buildActionMask = 2147483647;
			files = (
			);
			runOnlyForDeploymentPostprocessing = 0;
		};
/* End PBXResourcesBuildPhase section */

/* Begin PBXSourcesBuildPhase section */
		993F8C3321EA72DC00FE744C /* Sources */ = {
			isa = PBXSourcesBuildPhase;
			buildActionMask = 2147483647;
			files = (
				99894800232E4E9600D54366 /* DatabaseManager.swift in Sources */,
				99B638F1223DB2C1004751D8 /* TimeTableViewCell.swift in Sources */,
				995E31BA22E3A638001BDDB5 /* SearchViewController.swift in Sources */,
				995E31AD22E39ABF001BDDB5 /* StationNameViewCell.swift in Sources */,
				993F8C5E21EA782A00FE744C /* Parser.swift in Sources */,
				9997AA762365E19100F68A5F /* TimeTableColletionViewModel.swift in Sources */,
				99D0BE432306D8A8001429D1 /* SearchStationTableViewController.swift in Sources */,
				99BBA6592365C4D0000773F5 /* stationModel.swift in Sources */,
				99B638E5223D6C57004751D8 /* TimeTableItem.swift in Sources */,
				993F8C4321EA72DC00FE744C /* Train_App.xcdatamodeld in Sources */,
				9997AA78236643D500F68A5F /* TimeTableItemViewModel.swift in Sources */,
				993F8C3D21EA72DC00FE744C /* HomeViewController.swift in Sources */,
				99BBA64E2364AD10000773F5 /* StationDataManager.swift in Sources */,
				993F8C3B21EA72DC00FE744C /* AppDelegate.swift in Sources */,
				99D0BE46230714FA001429D1 /* UIColor+Extension.swift in Sources */,
				99BBA6512364B259000773F5 /* StationViewModel.swift in Sources */,
				99D0BE4D23086768001429D1 /* DeparturesViewController.swift in Sources */,
				995E31B322E39BA7001BDDB5 /* UIView + Extension.swift in Sources */,
				99BBA6532365B4D4000773F5 /* StationListViewModel.swift in Sources */,
				99D0BE4B23072670001429D1 /* JsonParser.swift in Sources */,
				99B638E2223D69CC004751D8 /* TrainAPIEndpoints.swift in Sources */,
			);
			runOnlyForDeploymentPostprocessing = 0;
		};
		993F8C4A21EA72DD00FE744C /* Sources */ = {
			isa = PBXSourcesBuildPhase;
			buildActionMask = 2147483647;
			files = (
				99894803232E529A00D54366 /* DatabaseManagerTests.swift in Sources */,
				993F8C5321EA72DD00FE744C /* Train_AppTests.swift in Sources */,
			);
			runOnlyForDeploymentPostprocessing = 0;
		};
/* End PBXSourcesBuildPhase section */

/* Begin PBXTargetDependency section */
		993F8C5021EA72DD00FE744C /* PBXTargetDependency */ = {
			isa = PBXTargetDependency;
			target = 993F8C3621EA72DC00FE744C /* Train-App */;
			targetProxy = 993F8C4F21EA72DD00FE744C /* PBXContainerItemProxy */;
		};
/* End PBXTargetDependency section */

/* Begin PBXVariantGroup section */
		993F8C3E21EA72DC00FE744C /* Main.storyboard */ = {
			isa = PBXVariantGroup;
			children = (
				993F8C3F21EA72DC00FE744C /* Base */,
			);
			name = Main.storyboard;
			sourceTree = "<group>";
		};
		993F8C4621EA72DD00FE744C /* LaunchScreen.storyboard */ = {
			isa = PBXVariantGroup;
			children = (
				993F8C4721EA72DD00FE744C /* Base */,
			);
			name = LaunchScreen.storyboard;
			sourceTree = "<group>";
		};
/* End PBXVariantGroup section */

/* Begin XCBuildConfiguration section */
		993F8C5521EA72DD00FE744C /* Debug */ = {
			isa = XCBuildConfiguration;
			buildSettings = {
				ALWAYS_SEARCH_USER_PATHS = NO;
				CLANG_ANALYZER_NONNULL = YES;
				CLANG_ANALYZER_NUMBER_OBJECT_CONVERSION = YES_AGGRESSIVE;
				CLANG_CXX_LANGUAGE_STANDARD = "gnu++14";
				CLANG_CXX_LIBRARY = "libc++";
				CLANG_ENABLE_MODULES = YES;
				CLANG_ENABLE_OBJC_ARC = YES;
				CLANG_ENABLE_OBJC_WEAK = YES;
				CLANG_WARN_BLOCK_CAPTURE_AUTORELEASING = YES;
				CLANG_WARN_BOOL_CONVERSION = YES;
				CLANG_WARN_COMMA = YES;
				CLANG_WARN_CONSTANT_CONVERSION = YES;
				CLANG_WARN_DEPRECATED_OBJC_IMPLEMENTATIONS = YES;
				CLANG_WARN_DIRECT_OBJC_ISA_USAGE = YES_ERROR;
				CLANG_WARN_DOCUMENTATION_COMMENTS = YES;
				CLANG_WARN_EMPTY_BODY = YES;
				CLANG_WARN_ENUM_CONVERSION = YES;
				CLANG_WARN_INFINITE_RECURSION = YES;
				CLANG_WARN_INT_CONVERSION = YES;
				CLANG_WARN_NON_LITERAL_NULL_CONVERSION = YES;
				CLANG_WARN_OBJC_IMPLICIT_RETAIN_SELF = YES;
				CLANG_WARN_OBJC_LITERAL_CONVERSION = YES;
				CLANG_WARN_OBJC_ROOT_CLASS = YES_ERROR;
				CLANG_WARN_RANGE_LOOP_ANALYSIS = YES;
				CLANG_WARN_STRICT_PROTOTYPES = YES;
				CLANG_WARN_SUSPICIOUS_MOVE = YES;
				CLANG_WARN_UNGUARDED_AVAILABILITY = YES_AGGRESSIVE;
				CLANG_WARN_UNREACHABLE_CODE = YES;
				CLANG_WARN__DUPLICATE_METHOD_MATCH = YES;
				CODE_SIGN_IDENTITY = "iPhone Developer";
				COPY_PHASE_STRIP = NO;
				DEBUG_INFORMATION_FORMAT = dwarf;
				ENABLE_STRICT_OBJC_MSGSEND = YES;
				ENABLE_TESTABILITY = YES;
				GCC_C_LANGUAGE_STANDARD = gnu11;
				GCC_DYNAMIC_NO_PIC = NO;
				GCC_NO_COMMON_BLOCKS = YES;
				GCC_OPTIMIZATION_LEVEL = 0;
				GCC_PREPROCESSOR_DEFINITIONS = (
					"DEBUG=1",
					"$(inherited)",
				);
				GCC_WARN_64_TO_32_BIT_CONVERSION = YES;
				GCC_WARN_ABOUT_RETURN_TYPE = YES_ERROR;
				GCC_WARN_UNDECLARED_SELECTOR = YES;
				GCC_WARN_UNINITIALIZED_AUTOS = YES_AGGRESSIVE;
				GCC_WARN_UNUSED_FUNCTION = YES;
				GCC_WARN_UNUSED_VARIABLE = YES;
				IPHONEOS_DEPLOYMENT_TARGET = 12.1;
				MTL_ENABLE_DEBUG_INFO = INCLUDE_SOURCE;
				MTL_FAST_MATH = YES;
				ONLY_ACTIVE_ARCH = YES;
				SDKROOT = iphoneos;
				SWIFT_ACTIVE_COMPILATION_CONDITIONS = DEBUG;
				SWIFT_OPTIMIZATION_LEVEL = "-Onone";
			};
			name = Debug;
		};
		993F8C5621EA72DD00FE744C /* Release */ = {
			isa = XCBuildConfiguration;
			buildSettings = {
				ALWAYS_SEARCH_USER_PATHS = NO;
				CLANG_ANALYZER_NONNULL = YES;
				CLANG_ANALYZER_NUMBER_OBJECT_CONVERSION = YES_AGGRESSIVE;
				CLANG_CXX_LANGUAGE_STANDARD = "gnu++14";
				CLANG_CXX_LIBRARY = "libc++";
				CLANG_ENABLE_MODULES = YES;
				CLANG_ENABLE_OBJC_ARC = YES;
				CLANG_ENABLE_OBJC_WEAK = YES;
				CLANG_WARN_BLOCK_CAPTURE_AUTORELEASING = YES;
				CLANG_WARN_BOOL_CONVERSION = YES;
				CLANG_WARN_COMMA = YES;
				CLANG_WARN_CONSTANT_CONVERSION = YES;
				CLANG_WARN_DEPRECATED_OBJC_IMPLEMENTATIONS = YES;
				CLANG_WARN_DIRECT_OBJC_ISA_USAGE = YES_ERROR;
				CLANG_WARN_DOCUMENTATION_COMMENTS = YES;
				CLANG_WARN_EMPTY_BODY = YES;
				CLANG_WARN_ENUM_CONVERSION = YES;
				CLANG_WARN_INFINITE_RECURSION = YES;
				CLANG_WARN_INT_CONVERSION = YES;
				CLANG_WARN_NON_LITERAL_NULL_CONVERSION = YES;
				CLANG_WARN_OBJC_IMPLICIT_RETAIN_SELF = YES;
				CLANG_WARN_OBJC_LITERAL_CONVERSION = YES;
				CLANG_WARN_OBJC_ROOT_CLASS = YES_ERROR;
				CLANG_WARN_RANGE_LOOP_ANALYSIS = YES;
				CLANG_WARN_STRICT_PROTOTYPES = YES;
				CLANG_WARN_SUSPICIOUS_MOVE = YES;
				CLANG_WARN_UNGUARDED_AVAILABILITY = YES_AGGRESSIVE;
				CLANG_WARN_UNREACHABLE_CODE = YES;
				CLANG_WARN__DUPLICATE_METHOD_MATCH = YES;
				CODE_SIGN_IDENTITY = "iPhone Developer";
				COPY_PHASE_STRIP = NO;
				DEBUG_INFORMATION_FORMAT = "dwarf-with-dsym";
				ENABLE_NS_ASSERTIONS = NO;
				ENABLE_STRICT_OBJC_MSGSEND = YES;
				GCC_C_LANGUAGE_STANDARD = gnu11;
				GCC_NO_COMMON_BLOCKS = YES;
				GCC_WARN_64_TO_32_BIT_CONVERSION = YES;
				GCC_WARN_ABOUT_RETURN_TYPE = YES_ERROR;
				GCC_WARN_UNDECLARED_SELECTOR = YES;
				GCC_WARN_UNINITIALIZED_AUTOS = YES_AGGRESSIVE;
				GCC_WARN_UNUSED_FUNCTION = YES;
				GCC_WARN_UNUSED_VARIABLE = YES;
				IPHONEOS_DEPLOYMENT_TARGET = 12.1;
				MTL_ENABLE_DEBUG_INFO = NO;
				MTL_FAST_MATH = YES;
				SDKROOT = iphoneos;
				SWIFT_COMPILATION_MODE = wholemodule;
				SWIFT_OPTIMIZATION_LEVEL = "-O";
				VALIDATE_PRODUCT = YES;
			};
			name = Release;
		};
		993F8C5821EA72DD00FE744C /* Debug */ = {
			isa = XCBuildConfiguration;
			buildSettings = {
				ASSETCATALOG_COMPILER_APPICON_NAME = AppIcon;
				CODE_SIGN_IDENTITY = "iPhone Developer";
				CODE_SIGN_STYLE = Automatic;
				DEVELOPMENT_TEAM = J29DW6G5ZA;
				INFOPLIST_FILE = "Train-App/Info.plist";
				IPHONEOS_DEPLOYMENT_TARGET = 13.0;
				LD_RUNPATH_SEARCH_PATHS = (
					"$(inherited)",
					"@executable_path/Frameworks",
				);
				PRODUCT_BUNDLE_IDENTIFIER = "com.vickihardy.AppOne.Train-App1";
				PRODUCT_NAME = "$(TARGET_NAME)";
				PROVISIONING_PROFILE_SPECIFIER = "";
				SWIFT_VERSION = 5.0;
				TARGETED_DEVICE_FAMILY = "1,2";
			};
			name = Debug;
		};
		993F8C5921EA72DD00FE744C /* Release */ = {
			isa = XCBuildConfiguration;
			buildSettings = {
				ASSETCATALOG_COMPILER_APPICON_NAME = AppIcon;
				CODE_SIGN_IDENTITY = "iPhone Developer";
				CODE_SIGN_STYLE = Automatic;
				DEVELOPMENT_TEAM = J29DW6G5ZA;
				INFOPLIST_FILE = "Train-App/Info.plist";
				IPHONEOS_DEPLOYMENT_TARGET = 13.0;
				LD_RUNPATH_SEARCH_PATHS = (
					"$(inherited)",
					"@executable_path/Frameworks",
				);
				PRODUCT_BUNDLE_IDENTIFIER = "com.vickihardy.AppOne.Train-App1";
				PRODUCT_NAME = "$(TARGET_NAME)";
				PROVISIONING_PROFILE_SPECIFIER = "";
				SWIFT_VERSION = 5.0;
				TARGETED_DEVICE_FAMILY = "1,2";
			};
			name = Release;
		};
		993F8C5B21EA72DD00FE744C /* Debug */ = {
			isa = XCBuildConfiguration;
			buildSettings = {
				ALWAYS_EMBED_SWIFT_STANDARD_LIBRARIES = YES;
				BUNDLE_LOADER = "$(TEST_HOST)";
				CODE_SIGN_STYLE = Automatic;
				DEVELOPMENT_TEAM = J29DW6G5ZA;
				INFOPLIST_FILE = "Train-AppTests/Info.plist";
				LD_RUNPATH_SEARCH_PATHS = (
					"$(inherited)",
					"@executable_path/Frameworks",
					"@loader_path/Frameworks",
				);
				PRODUCT_BUNDLE_IDENTIFIER = "com.vickihardy.AppOne.Train-AppTests";
				PRODUCT_NAME = "$(TARGET_NAME)";
				SWIFT_VERSION = 5.0;
				TARGETED_DEVICE_FAMILY = "1,2";
				TEST_HOST = "$(BUILT_PRODUCTS_DIR)/Train-App.app/Train-App";
			};
			name = Debug;
		};
		993F8C5C21EA72DD00FE744C /* Release */ = {
			isa = XCBuildConfiguration;
			buildSettings = {
				ALWAYS_EMBED_SWIFT_STANDARD_LIBRARIES = YES;
				BUNDLE_LOADER = "$(TEST_HOST)";
				CODE_SIGN_STYLE = Automatic;
				DEVELOPMENT_TEAM = J29DW6G5ZA;
				INFOPLIST_FILE = "Train-AppTests/Info.plist";
				LD_RUNPATH_SEARCH_PATHS = (
					"$(inherited)",
					"@executable_path/Frameworks",
					"@loader_path/Frameworks",
				);
				PRODUCT_BUNDLE_IDENTIFIER = "com.vickihardy.AppOne.Train-AppTests";
				PRODUCT_NAME = "$(TARGET_NAME)";
				SWIFT_VERSION = 5.0;
				TARGETED_DEVICE_FAMILY = "1,2";
				TEST_HOST = "$(BUILT_PRODUCTS_DIR)/Train-App.app/Train-App";
			};
			name = Release;
		};
/* End XCBuildConfiguration section */

/* Begin XCConfigurationList section */
		993F8C3221EA72DC00FE744C /* Build configuration list for PBXProject "Train-App" */ = {
			isa = XCConfigurationList;
			buildConfigurations = (
				993F8C5521EA72DD00FE744C /* Debug */,
				993F8C5621EA72DD00FE744C /* Release */,
			);
			defaultConfigurationIsVisible = 0;
			defaultConfigurationName = Release;
		};
		993F8C5721EA72DD00FE744C /* Build configuration list for PBXNativeTarget "Train-App" */ = {
			isa = XCConfigurationList;
			buildConfigurations = (
				993F8C5821EA72DD00FE744C /* Debug */,
				993F8C5921EA72DD00FE744C /* Release */,
			);
			defaultConfigurationIsVisible = 0;
			defaultConfigurationName = Release;
		};
		993F8C5A21EA72DD00FE744C /* Build configuration list for PBXNativeTarget "Train-AppTests" */ = {
			isa = XCConfigurationList;
			buildConfigurations = (
				993F8C5B21EA72DD00FE744C /* Debug */,
				993F8C5C21EA72DD00FE744C /* Release */,
			);
			defaultConfigurationIsVisible = 0;
			defaultConfigurationName = Release;
		};
/* End XCConfigurationList section */

/* Begin XCVersionGroup section */
		993F8C4121EA72DC00FE744C /* Train_App.xcdatamodeld */ = {
			isa = XCVersionGroup;
			children = (
				993F8C4221EA72DC00FE744C /* Train_App.xcdatamodel */,
			);
			currentVersion = 993F8C4221EA72DC00FE744C /* Train_App.xcdatamodel */;
			path = Train_App.xcdatamodeld;
			sourceTree = "<group>";
			versionGroupType = wrapper.xcdatamodel;
		};
/* End XCVersionGroup section */
	};
	rootObject = 993F8C2F21EA72DC00FE744C /* Project object */;
}
